# This file was autogenerated by Stack.
# You should not edit this file by hand.
# For more information, please see the documentation at:
#   https://docs.haskellstack.org/en/stable/lock_files

packages: []
snapshots:
- completed:
    size: 471743
    url: https://raw.githubusercontent.com/commercialhaskell/stackage-snapshots/master/nightly/2020/1/30.yaml
    sha256: d55e2ae57e1af8641591b271a0315405ea34690c4ee50b4eaf7445ee1780ada2
  original: nightly-2020-01-30
